
Microsoft Visual Studio Solution File, Format Version 12.00
# Visual Studio Version 16
VisualStudioVersion = 16.0.29920.165
MinimumVisualStudioVersion = 10.0.40219.1
Project("{FAE04EC0-301F-11D3-BF4B-00C04F79EFBC}") = "TextReplacementer", "TextReplacementer.csproj", "{04E1260A-42E6-4CB0-B626-FD7B094AFEDF}"
EndProject
Global
	GlobalSection(SolutionConfigurationPlatforms) = preSolution
		Debug|Any CPU = Debug|Any CPU
		Release|Any CPU = Release|Any CPU
	EndGlobalSection
	GlobalSection(ProjectConfigurationPlatforms) = postSolution
		{04E1260A-42E6-4CB0-B626-FD7B094AFEDF}.Debug|Any CPU.ActiveCfg = Debug|Any CPU
		{04E1260A-42E6-4CB0-B626-FD7B094AFEDF}.Debug|Any CPU.Build.0 = Debug|Any CPU
		{04E1260A-42E6-4CB0-B626-FD7B094AFEDF}.Release|Any CPU.ActiveCfg = Release|Any CPU
		{04E1260A-42E6-4CB0-B626-FD7B094AFEDF}.Release|Any CPU.Build.0 = Release|Any CPU
	EndGlobalSection
	GlobalSection(SolutionProperties) = preSolution
		HideSolutionNode = FALSE
	EndGlobalSection
	GlobalSection(ExtensibilityGlobals) = postSolution
		SolutionGuid = {6181FF8C-9330-4253-AD5F-E65678052A41}
	EndGlobalSection
EndGlobal
